// !$*UTF8*$!
{
	archiveVersion = 1;
	classes = {
	};
	objectVersion = 56;
	objects = {

/* Begin PBXBuildFile section */
		D240E13D2BE8ED7E003B934C /* Preview Assets.xcassets in Resources */ = {isa = PBXBuildFile; fileRef = D240E13B2BE8ED7E003B934C /* Preview Assets.xcassets */; };
		D2F3E7932BD258A3005EFB33 /* SocialNetworkApp.swift in Sources */ = {isa = PBXBuildFile; fileRef = D2F3E7922BD258A3005EFB33 /* SocialNetworkApp.swift */; };
		D2F3E7952BD258A3005EFB33 /* ContentView.swift in Sources */ = {isa = PBXBuildFile; fileRef = D2F3E7942BD258A3005EFB33 /* ContentView.swift */; };
		D2F3E7972BD258A5005EFB33 /* Assets.xcassets in Resources */ = {isa = PBXBuildFile; fileRef = D2F3E7962BD258A5005EFB33 /* Assets.xcassets */; };
/* End PBXBuildFile section */

/* Begin PBXContainerItemProxy section */
		D2F3E7A02BD258A5005EFB33 /* PBXContainerItemProxy */ = {
			isa = PBXContainerItemProxy;
			containerPortal = D2F3E7872BD258A3005EFB33 /* Project object */;
			proxyType = 1;
			remoteGlobalIDString = D2F3E78E2BD258A3005EFB33;
			remoteInfo = SocialNetwork;
		};
		D2F3E7AA2BD258A5005EFB33 /* PBXContainerItemProxy */ = {
			isa = PBXContainerItemProxy;
			containerPortal = D2F3E7872BD258A3005EFB33 /* Project object */;
			proxyType = 1;
			remoteGlobalIDString = D2F3E78E2BD258A3005EFB33;
			remoteInfo = SocialNetwork;
		};
/* End PBXContainerItemProxy section */

/* Begin PBXFileReference section */
		D240E13B2BE8ED7E003B934C /* Preview Assets.xcassets */ = {isa = PBXFileReference; lastKnownFileType = folder.assetcatalog; path = "Preview Assets.xcassets"; sourceTree = "<group>"; };
		D2F3E78F2BD258A3005EFB33 /* SocialNetwork.app */ = {isa = PBXFileReference; explicitFileType = wrapper.application; includeInIndex = 0; path = SocialNetwork.app; sourceTree = BUILT_PRODUCTS_DIR; };
		D2F3E7922BD258A3005EFB33 /* SocialNetworkApp.swift */ = {isa = PBXFileReference; lastKnownFileType = sourcecode.swift; path = SocialNetworkApp.swift; sourceTree = "<group>"; };
		D2F3E7942BD258A3005EFB33 /* ContentView.swift */ = {isa = PBXFileReference; lastKnownFileType = sourcecode.swift; path = ContentView.swift; sourceTree = "<group>"; };
		D2F3E7962BD258A5005EFB33 /* Assets.xcassets */ = {isa = PBXFileReference; lastKnownFileType = folder.assetcatalog; path = Assets.xcassets; sourceTree = "<group>"; };
		D2F3E79F2BD258A5005EFB33 /* SocialNetworkTests.xctest */ = {isa = PBXFileReference; explicitFileType = wrapper.cfbundle; includeInIndex = 0; path = SocialNetworkTests.xctest; sourceTree = BUILT_PRODUCTS_DIR; };
		D2F3E7A92BD258A5005EFB33 /* SocialNetworkUITests.xctest */ = {isa = PBXFileReference; explicitFileType = wrapper.cfbundle; includeInIndex = 0; path = SocialNetworkUITests.xctest; sourceTree = BUILT_PRODUCTS_DIR; };
/* End PBXFileReference section */

/* Begin PBXFrameworksBuildPhase section */
		D2F3E78C2BD258A3005EFB33 /* Frameworks */ = {
			isa = PBXFrameworksBuildPhase;
			buildActionMask = 2147483647;
			files = (
			);
			runOnlyForDeploymentPostprocessing = 0;
		};
		D2F3E79C2BD258A5005EFB33 /* Frameworks */ = {
			isa = PBXFrameworksBuildPhase;
			buildActionMask = 2147483647;
			files = (
			);
			runOnlyForDeploymentPostprocessing = 0;
		};
		D2F3E7A62BD258A5005EFB33 /* Frameworks */ = {
			isa = PBXFrameworksBuildPhase;
			buildActionMask = 2147483647;
			files = (
			);
			runOnlyForDeploymentPostprocessing = 0;
		};
/* End PBXFrameworksBuildPhase section */

/* Begin PBXGroup section */
		D240E13C2BE8ED7E003B934C /* Preview Content */ = {
			isa = PBXGroup;
			children = (
				D240E13B2BE8ED7E003B934C /* Preview Assets.xcassets */,
			);
			path = "Preview Content";
			sourceTree = "<group>";
		};
		D2F3E7862BD258A3005EFB33 = {
			isa = PBXGroup;
			children = (
				D240E13C2BE8ED7E003B934C /* Preview Content */,
				D2F3E7912BD258A3005EFB33 /* SocialNetwork */,
				D2F3E7902BD258A3005EFB33 /* Products */,
			);
			sourceTree = "<group>";
		};
		D2F3E7902BD258A3005EFB33 /* Products */ = {
			isa = PBXGroup;
			children = (
				D2F3E78F2BD258A3005EFB33 /* SocialNetwork.app */,
				D2F3E79F2BD258A5005EFB33 /* SocialNetworkTests.xctest */,
				D2F3E7A92BD258A5005EFB33 /* SocialNetworkUITests.xctest */,
			);
			name = Products;
			sourceTree = "<group>";
		};
		D2F3E7912BD258A3005EFB33 /* SocialNetwork */ = {
			isa = PBXGroup;
			children = (
				D2F3E7922BD258A3005EFB33 /* SocialNetworkApp.swift */,
				D2F3E7942BD258A3005EFB33 /* ContentView.swift */,
				D2F3E7962BD258A5005EFB33 /* Assets.xcassets */,
			);
			path = SocialNetwork;
			sourceTree = "<group>";
		};
/* End PBXGroup section */

/* Begin PBXNativeTarget section */
		D2F3E78E2BD258A3005EFB33 /* SocialNetwork */ = {
			isa = PBXNativeTarget;
			buildConfigurationList = D2F3E7B32BD258A5005EFB33 /* Build configuration list for PBXNativeTarget "SocialNetwork" */;
			buildPhases = (
				D2F3E78B2BD258A3005EFB33 /* Sources */,
				D2F3E78C2BD258A3005EFB33 /* Frameworks */,
				D2F3E78D2BD258A3005EFB33 /* Resources */,
			);
			buildRules = (
			);
			dependencies = (
			);
			name = SocialNetwork;
			productName = SocialNetwork;
			productReference = D2F3E78F2BD258A3005EFB33 /* SocialNetwork.app */;
			productType = "com.apple.product-type.application";
		};
		D2F3E79E2BD258A5005EFB33 /* SocialNetworkTests */ = {
			isa = PBXNativeTarget;
			buildConfigurationList = D2F3E7B62BD258A5005EFB33 /* Build configuration list for PBXNativeTarget "SocialNetworkTests" */;
			buildPhases = (
				D2F3E79B2BD258A5005EFB33 /* Sources */,
				D2F3E79C2BD258A5005EFB33 /* Frameworks */,
				D2F3E79D2BD258A5005EFB33 /* Resources */,
			);
			buildRules = (
			);
			dependencies = (
				D2F3E7A12BD258A5005EFB33 /* PBXTargetDependency */,
			);
			name = SocialNetworkTests;
			productName = SocialNetworkTests;
			productReference = D2F3E79F2BD258A5005EFB33 /* SocialNetworkTests.xctest */;
			productType = "com.apple.product-type.bundle.unit-test";
		};
		D2F3E7A82BD258A5005EFB33 /* SocialNetworkUITests */ = {
			isa = PBXNativeTarget;
			buildConfigurationList = D2F3E7B92BD258A5005EFB33 /* Build configuration list for PBXNativeTarget "SocialNetworkUITests" */;
			buildPhases = (
				D2F3E7A52BD258A5005EFB33 /* Sources */,
				D2F3E7A62BD258A5005EFB33 /* Frameworks */,
				D2F3E7A72BD258A5005EFB33 /* Resources */,
			);
			buildRules = (
			);
			dependencies = (
				D2F3E7AB2BD258A5005EFB33 /* PBXTargetDependency */,
			);
			name = SocialNetworkUITests;
			productName = SocialNetworkUITests;
			productReference = D2F3E7A92BD258A5005EFB33 /* SocialNetworkUITests.xctest */;
			productType = "com.apple.product-type.bundle.ui-testing";
		};
/* End PBXNativeTarget section */

/* Begin PBXProject section */
		D2F3E7872BD258A3005EFB33 /* Project object */ = {
			isa = PBXProject;
			attributes = {
				BuildIndependentTargetsInParallel = 1;
				LastSwiftUpdateCheck = 1530;
				LastUpgradeCheck = 1530;
				TargetAttributes = {
					D2F3E78E2BD258A3005EFB33 = {
						CreatedOnToolsVersion = 15.3;
					};
					D2F3E79E2BD258A5005EFB33 = {
						CreatedOnToolsVersion = 15.3;
						TestTargetID = D2F3E78E2BD258A3005EFB33;
					};
					D2F3E7A82BD258A5005EFB33 = {
						CreatedOnToolsVersion = 15.3;
						TestTargetID = D2F3E78E2BD258A3005EFB33;
					};
				};
			};
			buildConfigurationList = D2F3E78A2BD258A3005EFB33 /* Build configuration list for PBXProject "SocialNetwork" */;
			compatibilityVersion = "Xcode 14.0";
			developmentRegion = en;
			hasScannedForEncodings = 0;
			knownRegions = (
				en,
				Base,
			);
			mainGroup = D2F3E7862BD258A3005EFB33;
			productRefGroup = D2F3E7902BD258A3005EFB33 /* Products */;
			projectDirPath = "";
			projectRoot = "";
			targets = (
				D2F3E78E2BD258A3005EFB33 /* SocialNetwork */,
				D2F3E79E2BD258A5005EFB33 /* SocialNetworkTests */,
				D2F3E7A82BD258A5005EFB33 /* SocialNetworkUITests */,
			);
		};
/* End PBXProject section */

/* Begin PBXResourcesBuildPhase section */
		D2F3E78D2BD258A3005EFB33 /* Resources */ = {
			isa = PBXResourcesBuildPhase;
			buildActionMask = 2147483647;
			files = (
				D240E13D2BE8ED7E003B934C /* Preview Assets.xcassets in Resources */,
				D2F3E7972BD258A5005EFB33 /* Assets.xcassets in Resources */,
			);
			runOnlyForDeploymentPostprocessing = 0;
		};
		D2F3E79D2BD258A5005EFB33 /* Resources */ = {
			isa = PBXResourcesBuildPhase;
			buildActionMask = 2147483647;
			files = (
			);
			runOnlyForDeploymentPostprocessing = 0;
		};
		D2F3E7A72BD258A5005EFB33 /* Resources */ = {
			isa = PBXResourcesBuildPhase;
			buildActionMask = 2147483647;
			files = (
			);
			runOnlyForDeploymentPostprocessing = 0;
		};
/* End PBXResourcesBuildPhase section */

/* Begin PBXSourcesBuildPhase section */
		D2F3E78B2BD258A3005EFB33 /* Sources */ = {
			isa = PBXSourcesBuildPhase;
			buildActionMask = 2147483647;
			files = (
				D2F3E7952BD258A3005EFB33 /* ContentView.swift in Sources */,
				D2F3E7932BD258A3005EFB33 /* SocialNetworkApp.swift in Sources */,
			);
			runOnlyForDeploymentPostprocessing = 0;
		};
		D2F3E79B2BD258A5005EFB33 /* Sources */ = {
			isa = PBXSourcesBuildPhase;
			buildActionMask = 2147483647;
			files = (
			);
			runOnlyForDeploymentPostprocessing = 0;
		};
		D2F3E7A52BD258A5005EFB33 /* Sources */ = {
			isa = PBXSourcesBuildPhase;
			buildActionMask = 2147483647;
			files = (
			);
			runOnlyForDeploymentPostprocessing = 0;
		};
/* End PBXSourcesBuildPhase section */

/* Begin PBXTargetDependency section */
		D2F3E7A12BD258A5005EFB33 /* PBXTargetDependency */ = {
			isa = PBXTargetDependency;
			target = D2F3E78E2BD258A3005EFB33 /* SocialNetwork */;
			targetProxy = D2F3E7A02BD258A5005EFB33 /* PBXContainerItemProxy */;
		};
		D2F3E7AB2BD258A5005EFB33 /* PBXTargetDependency */ = {
			isa = PBXTargetDependency;
			target = D2F3E78E2BD258A3005EFB33 /* SocialNetwork */;
			targetProxy = D2F3E7AA2BD258A5005EFB33 /* PBXContainerItemProxy */;
		};
/* End PBXTargetDependency section */

/* Begin XCBuildConfiguration section */
		D2F3E7B12BD258A5005EFB33 /* Debug */ = {
			isa = XCBuildConfiguration;
			buildSettings = {
				ALWAYS_SEARCH_USER_PATHS = NO;
				ASSETCATALOG_COMPILER_GENERATE_SWIFT_ASSET_SYMBOL_EXTENSIONS = YES;
				CLANG_ANALYZER_NONNULL = YES;
				CLANG_ANALYZER_NUMBER_OBJECT_CONVERSION = YES_AGGRESSIVE;
				CLANG_CXX_LANGUAGE_STANDARD = "gnu++20";
				CLANG_ENABLE_MODULES = YES;
				CLANG_ENABLE_OBJC_ARC = YES;
				CLANG_ENABLE_OBJC_WEAK = YES;
				CLANG_WARN_BLOCK_CAPTURE_AUTORELEASING = YES;
				CLANG_WARN_BOOL_CONVERSION = YES;
				CLANG_WARN_COMMA = YES;
				CLANG_WARN_CONSTANT_CONVERSION = YES;
				CLANG_WARN_DEPRECATED_OBJC_IMPLEMENTATIONS = YES;
				CLANG_WARN_DIRECT_OBJC_ISA_USAGE = YES_ERROR;
				CLANG_WARN_DOCUMENTATION_COMMENTS = YES;
				CLANG_WARN_EMPTY_BODY = YES;
				CLANG_WARN_ENUM_CONVERSION = YES;
				CLANG_WARN_INFINITE_RECURSION = YES;
				CLANG_WARN_INT_CONVERSION = YES;
				CLANG_WARN_NON_LITERAL_NULL_CONVERSION = YES;
				CLANG_WARN_OBJC_IMPLICIT_RETAIN_SELF = YES;
				CLANG_WARN_OBJC_LITERAL_CONVERSION = YES;
				CLANG_WARN_OBJC_ROOT_CLASS = YES_ERROR;
				CLANG_WARN_QUOTED_INCLUDE_IN_FRAMEWORK_HEADER = YES;
				CLANG_WARN_RANGE_LOOP_ANALYSIS = YES;
				CLANG_WARN_STRICT_PROTOTYPES = YES;
				CLANG_WARN_SUSPICIOUS_MOVE = YES;
				CLANG_WARN_UNGUARDED_AVAILABILITY = YES_AGGRESSIVE;
				CLANG_WARN_UNREACHABLE_CODE = YES;
				CLANG_WARN__DUPLICATE_METHOD_MATCH = YES;
				COPY_PHASE_STRIP = NO;
				DEBUG_INFORMATION_FORMAT = dwarf;
				ENABLE_STRICT_OBJC_MSGSEND = YES;
				ENABLE_TESTABILITY = YES;
				ENABLE_USER_SCRIPT_SANDBOXING = YES;
				GCC_C_LANGUAGE_STANDARD = gnu17;
				GCC_DYNAMIC_NO_PIC = NO;
				GCC_NO_COMMON_BLOCKS = YES;
				GCC_OPTIMIZATION_LEVEL = 0;
				GCC_PREPROCESSOR_DEFINITIONS = (
					"DEBUG=1",
					"$(inherited)",
				);
				GCC_WARN_64_TO_32_BIT_CONVERSION = YES;
				GCC_WARN_ABOUT_RETURN_TYPE = YES_ERROR;
				GCC_WARN_UNDECLARED_SELECTOR = YES;
				GCC_WARN_UNINITIALIZED_AUTOS = YES_AGGRESSIVE;
				GCC_WARN_UNUSED_FUNCTION = YES;
				GCC_WARN_UNUSED_VARIABLE = YES;
				IPHONEOS_DEPLOYMENT_TARGET = 17.4;
				LOCALIZATION_PREFERS_STRING_CATALOGS = YES;
				MTL_ENABLE_DEBUG_INFO = INCLUDE_SOURCE;
				MTL_FAST_MATH = YES;
				ONLY_ACTIVE_ARCH = YES;
				SDKROOT = iphoneos;
				SWIFT_ACTIVE_COMPILATION_CONDITIONS = "DEBUG $(inherited)";
				SWIFT_OPTIMIZATION_LEVEL = "-Onone";
			};
			name = Debug;
		};
		D2F3E7B22BD258A5005EFB33 /* Release */ = {
			isa = XCBuildConfiguration;
			buildSettings = {
				ALWAYS_SEARCH_USER_PATHS = NO;
				ASSETCATALOG_COMPILER_GENERATE_SWIFT_ASSET_SYMBOL_EXTENSIONS = YES;
				CLANG_ANALYZER_NONNULL = YES;
				CLANG_ANALYZER_NUMBER_OBJECT_CONVERSION = YES_AGGRESSIVE;
				CLANG_CXX_LANGUAGE_STANDARD = "gnu++20";
				CLANG_ENABLE_MODULES = YES;
				CLANG_ENABLE_OBJC_ARC = YES;
				CLANG_ENABLE_OBJC_WEAK = YES;
				CLANG_WARN_BLOCK_CAPTURE_AUTORELEASING = YES;
				CLANG_WARN_BOOL_CONVERSION = YES;
				CLANG_WARN_COMMA = YES;
				CLANG_WARN_CONSTANT_CONVERSION = YES;
				CLANG_WARN_DEPRECATED_OBJC_IMPLEMENTATIONS = YES;
				CLANG_WARN_DIRECT_OBJC_ISA_USAGE = YES_ERROR;
				CLANG_WARN_DOCUMENTATION_COMMENTS = YES;
				CLANG_WARN_EMPTY_BODY = YES;
				CLANG_WARN_ENUM_CONVERSION = YES;
				CLANG_WARN_INFINITE_RECURSION = YES;
				CLANG_WARN_INT_CONVERSION = YES;
				CLANG_WARN_NON_LITERAL_NULL_CONVERSION = YES;
				CLANG_WARN_OBJC_IMPLICIT_RETAIN_SELF = YES;
				CLANG_WARN_OBJC_LITERAL_CONVERSION = YES;
				CLANG_WARN_OBJC_ROOT_CLASS = YES_ERROR;
				CLANG_WARN_QUOTED_INCLUDE_IN_FRAMEWORK_HEADER = YES;
				CLANG_WARN_RANGE_LOOP_ANALYSIS = YES;
				CLANG_WARN_STRICT_PROTOTYPES = YES;
				CLANG_WARN_SUSPICIOUS_MOVE = YES;
				CLANG_WARN_UNGUARDED_AVAILABILITY = YES_AGGRESSIVE;
				CLANG_WARN_UNREACHABLE_CODE = YES;
				CLANG_WARN__DUPLICATE_METHOD_MATCH = YES;
				COPY_PHASE_STRIP = NO;
				DEBUG_INFORMATION_FORMAT = "dwarf-with-dsym";
				ENABLE_NS_ASSERTIONS = NO;
				ENABLE_STRICT_OBJC_MSGSEND = YES;
				ENABLE_USER_SCRIPT_SANDBOXING = YES;
				GCC_C_LANGUAGE_STANDARD = gnu17;
				GCC_NO_COMMON_BLOCKS = YES;
				GCC_WARN_64_TO_32_BIT_CONVERSION = YES;
				GCC_WARN_ABOUT_RETURN_TYPE = YES_ERROR;
				GCC_WARN_UNDECLARED_SELECTOR = YES;
				GCC_WARN_UNINITIALIZED_AUTOS = YES_AGGRESSIVE;
				GCC_WARN_UNUSED_FUNCTION = YES;
				GCC_WARN_UNUSED_VARIABLE = YES;
				IPHONEOS_DEPLOYMENT_TARGET = 17.4;
				LOCALIZATION_PREFERS_STRING_CATALOGS = YES;
				MTL_ENABLE_DEBUG_INFO = NO;
				MTL_FAST_MATH = YES;
				SDKROOT = iphoneos;
				SWIFT_COMPILATION_MODE = wholemodule;
				VALIDATE_PRODUCT = YES;
			};
			name = Release;
		};
		D2F3E7B42BD258A5005EFB33 /* Debug */ = {
			isa = XCBuildConfiguration;
			buildSettings = {
				ASSETCATALOG_COMPILER_APPICON_NAME = AppIcon;
				ASSETCATALOG_COMPILER_GLOBAL_ACCENT_COLOR_NAME = AccentColor;
				CODE_SIGN_STYLE = Automatic;
				CURRENT_PROJECT_VERSION = 1;
				DEVELOPMENT_ASSET_PATHS = "\"SocialNetwork/Preview Content\"";
				ENABLE_PREVIEWS = YES;
				GENERATE_INFOPLIST_FILE = YES;
				INFOPLIST_KEY_UIApplicationSceneManifest_Generation = YES;
				INFOPLIST_KEY_UIApplicationSupportsIndirectInputEvents = YES;
				INFOPLIST_KEY_UILaunchScreen_Generation = YES;
				INFOPLIST_KEY_UISupportedInterfaceOrientations_iPad = "UIInterfaceOrientationPortrait UIInterfaceOrientationPortraitUpsideDown UIInterfaceOrientationLandscapeLeft UIInterfaceOrientationLandscapeRight";
				INFOPLIST_KEY_UISupportedInterfaceOrientations_iPhone = "UIInterfaceOrientationPortrait UIInterfaceOrientationLandscapeLeft UIInterfaceOrientationLandscapeRight";
				LD_RUNPATH_SEARCH_PATHS = (
					"$(inherited)",
					"@executable_path/Frameworks",
				);
				MARKETING_VERSION = 1.0;
				PRODUCT_BUNDLE_IDENTIFIER = ScottsFirebase.SocialNetwork;
				PRODUCT_NAME = "$(TARGET_NAME)";
				SWIFT_EMIT_LOC_STRINGS = YES;
				SWIFT_VERSION = 5.0;
				TARGETED_DEVICE_FAMILY = "1,2";
			};
			name = Debug;
		};
		D2F3E7B52BD258A5005EFB33 /* Release */ = {
			isa = XCBuildConfiguration;
			buildSettings = {
				ASSETCATALOG_COMPILER_APPICON_NAME = AppIcon;
				ASSETCATALOG_COMPILER_GLOBAL_ACCENT_COLOR_NAME = AccentColor;
				CODE_SIGN_STYLE = Automatic;
				CURRENT_PROJECT_VERSION = 1;
				DEVELOPMENT_ASSET_PATHS = "\"SocialNetwork/Preview Content\"";
				ENABLE_PREVIEWS = YES;
				GENERATE_INFOPLIST_FILE = YES;
				INFOPLIST_KEY_UIApplicationSceneManifest_Generation = YES;
				INFOPLIST_KEY_UIApplicationSupportsIndirectInputEvents = YES;
				INFOPLIST_KEY_UILaunchScreen_Generation = YES;
				INFOPLIST_KEY_UISupportedInterfaceOrientations_iPad = "UIInterfaceOrientationPortrait UIInterfaceOrientationPortraitUpsideDown UIInterfaceOrientationLandscapeLeft UIInterfaceOrientationLandscapeRight";
				INFOPLIST_KEY_UISupportedInterfaceOrientations_iPhone = "UIInterfaceOrientationPortrait UIInterfaceOrientationLandscapeLeft UIInterfaceOrientationLandscapeRight";
				LD_RUNPATH_SEARCH_PATHS = (
					"$(inherited)",
					"@executable_path/Frameworks",
				);
				MARKETING_VERSION = 1.0;
				PRODUCT_BUNDLE_IDENTIFIER = ScottsFirebase.SocialNetwork;
				PRODUCT_NAME = "$(TARGET_NAME)";
				SWIFT_EMIT_LOC_STRINGS = YES;
				SWIFT_VERSION = 5.0;
				TARGETED_DEVICE_FAMILY = "1,2";
			};
			name = Release;
		};
		D2F3E7B72BD258A5005EFB33 /* Debug */ = {
			isa = XCBuildConfiguration;
			buildSettings = {
				ALWAYS_EMBED_SWIFT_STANDARD_LIBRARIES = YES;
				BUNDLE_LOADER = "$(TEST_HOST)";
				CODE_SIGN_STYLE = Automatic;
				CURRENT_PROJECT_VERSION = 1;
				GENERATE_INFOPLIST_FILE = YES;
				IPHONEOS_DEPLOYMENT_TARGET = 17.4;
				MARKETING_VERSION = 1.0;
				PRODUCT_BUNDLE_IDENTIFIER = ScottsFirebase.SocialNetworkTests;
				PRODUCT_NAME = "$(TARGET_NAME)";
				SWIFT_EMIT_LOC_STRINGS = NO;
				SWIFT_VERSION = 5.0;
				TARGETED_DEVICE_FAMILY = "1,2";
				TEST_HOST = "$(BUILT_PRODUCTS_DIR)/SocialNetwork.app/$(BUNDLE_EXECUTABLE_FOLDER_PATH)/SocialNetwork";
			};
			name = Debug;
		};
		D2F3E7B82BD258A5005EFB33 /* Release */ = {
			isa = XCBuildConfiguration;
			buildSettings = {
				ALWAYS_EMBED_SWIFT_STANDARD_LIBRARIES = YES;
				BUNDLE_LOADER = "$(TEST_HOST)";
				CODE_SIGN_STYLE = Automatic;
				CURRENT_PROJECT_VERSION = 1;
				GENERATE_INFOPLIST_FILE = YES;
				IPHONEOS_DEPLOYMENT_TARGET = 17.4;
				MARKETING_VERSION = 1.0;
				PRODUCT_BUNDLE_IDENTIFIER = ScottsFirebase.SocialNetworkTests;
				PRODUCT_NAME = "$(TARGET_NAME)";
				SWIFT_EMIT_LOC_STRINGS = NO;
				SWIFT_VERSION = 5.0;
				TARGETED_DEVICE_FAMILY = "1,2";
				TEST_HOST = "$(BUILT_PRODUCTS_DIR)/SocialNetwork.app/$(BUNDLE_EXECUTABLE_FOLDER_PATH)/SocialNetwork";
			};
			name = Release;
		};
		D2F3E7BA2BD258A5005EFB33 /* Debug */ = {
			isa = XCBuildConfiguration;
			buildSettings = {
				ALWAYS_EMBED_SWIFT_STANDARD_LIBRARIES = YES;
				CODE_SIGN_STYLE = Automatic;
				CURRENT_PROJECT_VERSION = 1;
				GENERATE_INFOPLIST_FILE = YES;
				MARKETING_VERSION = 1.0;
				PRODUCT_BUNDLE_IDENTIFIER = ScottsFirebase.SocialNetworkUITests;
				PRODUCT_NAME = "$(TARGET_NAME)";
				SWIFT_EMIT_LOC_STRINGS = NO;
				SWIFT_VERSION = 5.0;
				TARGETED_DEVICE_FAMILY = "1,2";
				TEST_TARGET_NAME = SocialNetwork;
			};
			name = Debug;
		};
		D2F3E7BB2BD258A5005EFB33 /* Release */ = {
			isa = XCBuildConfiguration;
			buildSettings = {
				ALWAYS_EMBED_SWIFT_STANDARD_LIBRARIES = YES;
				CODE_SIGN_STYLE = Automatic;
				CURRENT_PROJECT_VERSION = 1;
				GENERATE_INFOPLIST_FILE = YES;
				MARKETING_VERSION = 1.0;
				PRODUCT_BUNDLE_IDENTIFIER = ScottsFirebase.SocialNetworkUITests;
				PRODUCT_NAME = "$(TARGET_NAME)";
				SWIFT_EMIT_LOC_STRINGS = NO;
				SWIFT_VERSION = 5.0;
				TARGETED_DEVICE_FAMILY = "1,2";
				TEST_TARGET_NAME = SocialNetwork;
			};
			name = Release;
		};
/* End XCBuildConfiguration section */

/* Begin XCConfigurationList section */
		D2F3E78A2BD258A3005EFB33 /* Build configuration list for PBXProject "SocialNetwork" */ = {
			isa = XCConfigurationList;
			buildConfigurations = (
				D2F3E7B12BD258A5005EFB33 /* Debug */,
				D2F3E7B22BD258A5005EFB33 /* Release */,
			);
			defaultConfigurationIsVisible = 0;
			defaultConfigurationName = Release;
		};
		D2F3E7B32BD258A5005EFB33 /* Build configuration list for PBXNativeTarget "SocialNetwork" */ = {
			isa = XCConfigurationList;
			buildConfigurations = (
				D2F3E7B42BD258A5005EFB33 /* Debug */,
				D2F3E7B52BD258A5005EFB33 /* Release */,
			);
			defaultConfigurationIsVisible = 0;
			defaultConfigurationName = Release;
		};
		D2F3E7B62BD258A5005EFB33 /* Build configuration list for PBXNativeTarget "SocialNetworkTests" */ = {
			isa = XCConfigurationList;
			buildConfigurations = (
				D2F3E7B72BD258A5005EFB33 /* Debug */,
				D2F3E7B82BD258A5005EFB33 /* Release */,
			);
			defaultConfigurationIsVisible = 0;
			defaultConfigurationName = Release;
		};
		D2F3E7B92BD258A5005EFB33 /* Build configuration list for PBXNativeTarget "SocialNetworkUITests" */ = {
			isa = XCConfigurationList;
			buildConfigurations = (
				D2F3E7BA2BD258A5005EFB33 /* Debug */,
				D2F3E7BB2BD258A5005EFB33 /* Release */,
			);
			defaultConfigurationIsVisible = 0;
			defaultConfigurationName = Release;
		};
/* End XCConfigurationList section */
	};
	rootObject = D2F3E7872BD258A3005EFB33 /* Project object */;
}
